PODS:
  - Alamofire (4.5.0)
  - DGElasticPullToRefresh (1.1)
  - FSPagerView (0.5.5)
  - IQKeyboardManagerSwift (4.0.10)
  - Kingfisher (3.10.3)
  - SwiftyJSON (3.1.4)

DEPENDENCIES:
  - Alamofire
  - DGElasticPullToRefresh
  - FSPagerView
  - IQKeyboardManagerSwift
  - Kingfisher
  - SwiftyJSON

SPEC CHECKSUMS:
  Alamofire: f28cdffd29de33a7bfa022cbd63ae95a27fae140
  DGElasticPullToRefresh: 28f11a6026302a90f8ffebbc6e24748e584dddd3
  FSPagerView: 3ec72e6b201d77a48adab5ed1d33b43a8cc153d6
  IQKeyboardManagerSwift: 75ba21a23794a1e6b6fe6d9a267ea17f80e06771
  Kingfisher: a0ac82dc5bcf0388dd74b294cf2cc13730c63436
  SwiftyJSON: c2842d878f95482ffceec5709abc3d05680c0220

PODFILE CHECKSUM: 77f8e68e593bbf04d146d2488cecfe058adcc2d3

COCOAPODS: 1.2.1
