// !$*UTF8*$!
{
	archiveVersion = 1;
	classes = {
	};
	objectVersion = 46;
	objects = {

/* Begin PBXBuildFile section */
		95B7F6830D9A68FB5A77BA93 /* Pods_SwiftProject.framework in Frameworks */ = {isa = PBXBuildFile; fileRef = D6A577B15C32E80FF61AD020 /* Pods_SwiftProject.framework */; };
		AC81D2FA1F89AD6B00A10C4B /* JJMeNavView.swift in Sources */ = {isa = PBXBuildFile; fileRef = AC81D2F91F89AD6A00A10C4B /* JJMeNavView.swift */; };
		D6625C4D1F8DE0A8001491C9 /* JJImgViewTitleCollectionViewCell.swift in Sources */ = {isa = PBXBuildFile; fileRef = D6625C4B1F8DE0A8001491C9 /* JJImgViewTitleCollectionViewCell.swift */; };
		D6625C4E1F8DE0A8001491C9 /* JJImgViewTitleCollectionViewCell.xib in Resources */ = {isa = PBXBuildFile; fileRef = D6625C4C1F8DE0A8001491C9 /* JJImgViewTitleCollectionViewCell.xib */; };
		D6625C511F8DE969001491C9 /* JJNewsImgCollectionViewCell.swift in Sources */ = {isa = PBXBuildFile; fileRef = D6625C4F1F8DE969001491C9 /* JJNewsImgCollectionViewCell.swift */; };
		D6625C521F8DE969001491C9 /* JJNewsImgCollectionViewCell.xib in Resources */ = {isa = PBXBuildFile; fileRef = D6625C501F8DE969001491C9 /* JJNewsImgCollectionViewCell.xib */; };
		D6625C551F8DE980001491C9 /* JJNewsTitleCollectionViewCell.swift in Sources */ = {isa = PBXBuildFile; fileRef = D6625C531F8DE980001491C9 /* JJNewsTitleCollectionViewCell.swift */; };
		D6625C561F8DE980001491C9 /* JJNewsTitleCollectionViewCell.xib in Resources */ = {isa = PBXBuildFile; fileRef = D6625C541F8DE980001491C9 /* JJNewsTitleCollectionViewCell.xib */; };
		D6625C581F8DFC5C001491C9 /* JJHomeNav.swift in Sources */ = {isa = PBXBuildFile; fileRef = D6625C571F8DFC5C001491C9 /* JJHomeNav.swift */; };
		D686C8741F7C9926002FCAFA /* JJGuanJiaCollectionViewCell.swift in Sources */ = {isa = PBXBuildFile; fileRef = D686C86E1F7C9926002FCAFA /* JJGuanJiaCollectionViewCell.swift */; };
		D686C8751F7C9926002FCAFA /* JJGuanJiaCollectionViewCell.xib in Resources */ = {isa = PBXBuildFile; fileRef = D686C86F1F7C9926002FCAFA /* JJGuanJiaCollectionViewCell.xib */; };
		D686C8761F7C9926002FCAFA /* JJHomeBannerCollectionReusableView.swift in Sources */ = {isa = PBXBuildFile; fileRef = D686C8701F7C9926002FCAFA /* JJHomeBannerCollectionReusableView.swift */; };
		D686C8771F7C9926002FCAFA /* JJHomeBannerCollectionReusableView.xib in Resources */ = {isa = PBXBuildFile; fileRef = D686C8711F7C9926002FCAFA /* JJHomeBannerCollectionReusableView.xib */; };
		D686C8781F7C9926002FCAFA /* JJTitleCollectionReusableView.swift in Sources */ = {isa = PBXBuildFile; fileRef = D686C8721F7C9926002FCAFA /* JJTitleCollectionReusableView.swift */; };
		D686C8791F7C9926002FCAFA /* JJTitleCollectionReusableView.xib in Resources */ = {isa = PBXBuildFile; fileRef = D686C8731F7C9926002FCAFA /* JJTitleCollectionReusableView.xib */; };
		D686C87D1F7CE428002FCAFA /* JJMeHeaderSectionCollectionViewCell.swift in Sources */ = {isa = PBXBuildFile; fileRef = D686C87B1F7CE428002FCAFA /* JJMeHeaderSectionCollectionViewCell.swift */; };
		D686C87E1F7CE428002FCAFA /* JJMeHeaderSectionCollectionViewCell.xib in Resources */ = {isa = PBXBuildFile; fileRef = D686C87C1F7CE428002FCAFA /* JJMeHeaderSectionCollectionViewCell.xib */; };
		D689FF131F8E2147004A4AF8 /* JJShangjiaNav.swift in Sources */ = {isa = PBXBuildFile; fileRef = D689FF121F8E2147004A4AF8 /* JJShangjiaNav.swift */; };
		D68CFC0F1F8CA2AC005697F2 /* JJHomeWeatherSectionHeaderView.swift in Sources */ = {isa = PBXBuildFile; fileRef = D68CFC0D1F8CA2AC005697F2 /* JJHomeWeatherSectionHeaderView.swift */; };
		D68CFC101F8CA2AC005697F2 /* JJHomeWeatherSectionHeaderView.xib in Resources */ = {isa = PBXBuildFile; fileRef = D68CFC0E1F8CA2AC005697F2 /* JJHomeWeatherSectionHeaderView.xib */; };
		D68CFC151F8CCCDA005697F2 /* JJHomeBannerHeaderView.swift in Sources */ = {isa = PBXBuildFile; fileRef = D68CFC131F8CCCDA005697F2 /* JJHomeBannerHeaderView.swift */; };
		D68CFC161F8CCCDA005697F2 /* JJHomeBannerHeaderView.xib in Resources */ = {isa = PBXBuildFile; fileRef = D68CFC141F8CCCDA005697F2 /* JJHomeBannerHeaderView.xib */; };
		D68CFC191F8CD61C005697F2 /* JJHomeSectionHeaderView.swift in Sources */ = {isa = PBXBuildFile; fileRef = D68CFC171F8CD61C005697F2 /* JJHomeSectionHeaderView.swift */; };
		D68CFC1A1F8CD61C005697F2 /* JJHomeSectionHeaderView.xib in Resources */ = {isa = PBXBuildFile; fileRef = D68CFC181F8CD61C005697F2 /* JJHomeSectionHeaderView.xib */; };
		D68CFC1D1F8CD9D6005697F2 /* JJImgViewCollectionViewCell.swift in Sources */ = {isa = PBXBuildFile; fileRef = D68CFC1B1F8CD9D6005697F2 /* JJImgViewCollectionViewCell.swift */; };
		D68CFC1E1F8CD9D6005697F2 /* JJImgViewCollectionViewCell.xib in Resources */ = {isa = PBXBuildFile; fileRef = D68CFC1C1F8CD9D6005697F2 /* JJImgViewCollectionViewCell.xib */; };
		D69356611F8DAF9400C9756B /* Media.xcassets in Resources */ = {isa = PBXBuildFile; fileRef = D69356601F8DAF9400C9756B /* Media.xcassets */; };
		D695668F1F8F08080053343A /* JJShangJiaTopCollectionViewCell.swift in Sources */ = {isa = PBXBuildFile; fileRef = D695668E1F8F08080053343A /* JJShangJiaTopCollectionViewCell.swift */; };
		D69566921F8F1C120053343A /* UIButton+Array.swift in Sources */ = {isa = PBXBuildFile; fileRef = D69566911F8F1C120053343A /* UIButton+Array.swift */; };
		D69A416B1F7B3C6B00F363BB /* AppDelegate.swift in Sources */ = {isa = PBXBuildFile; fileRef = D69A416A1F7B3C6B00F363BB /* AppDelegate.swift */; };
		D69A41751F7B3C6B00F363BB /* LaunchScreen.storyboard in Resources */ = {isa = PBXBuildFile; fileRef = D69A41731F7B3C6B00F363BB /* LaunchScreen.storyboard */; };
		D69A41851F7B461800F363BB /* SplashView.swift in Sources */ = {isa = PBXBuildFile; fileRef = D69A41841F7B461800F363BB /* SplashView.swift */; };
		D69A41871F7B4A0A00F363BB /* JJTabBarViewController.swift in Sources */ = {isa = PBXBuildFile; fileRef = D69A41861F7B4A0A00F363BB /* JJTabBarViewController.swift */; };
		D69A41891F7B4A2900F363BB /* JJNavController.swift in Sources */ = {isa = PBXBuildFile; fileRef = D69A41881F7B4A2900F363BB /* JJNavController.swift */; };
		D69A418B1F7B690D00F363BB /* JJBaseViewController.swift in Sources */ = {isa = PBXBuildFile; fileRef = D69A418A1F7B690D00F363BB /* JJBaseViewController.swift */; };
		D69A418D1F7B696700F363BB /* JJGuanjiaViewController.swift in Sources */ = {isa = PBXBuildFile; fileRef = D69A418C1F7B696700F363BB /* JJGuanjiaViewController.swift */; };
		D69A418F1F7B697300F363BB /* JJHomeViewController.swift in Sources */ = {isa = PBXBuildFile; fileRef = D69A418E1F7B697300F363BB /* JJHomeViewController.swift */; };
		D69A41911F7B697C00F363BB /* JJMeViewController.swift in Sources */ = {isa = PBXBuildFile; fileRef = D69A41901F7B697C00F363BB /* JJMeViewController.swift */; };
		D69A41931F7B698C00F363BB /* JJShangJiaViewController.swift in Sources */ = {isa = PBXBuildFile; fileRef = D69A41921F7B698C00F363BB /* JJShangJiaViewController.swift */; };
		D69A41951F7B699700F363BB /* JJShopViewController.swift in Sources */ = {isa = PBXBuildFile; fileRef = D69A41941F7B699700F363BB /* JJShopViewController.swift */; };
		D69A41991F7B7C5200F363BB /* JJqqqqViewController.swift in Sources */ = {isa = PBXBuildFile; fileRef = D69A41981F7B7C5200F363BB /* JJqqqqViewController.swift */; };
		D69A41A11F7B9BE200F363BB /* PCHFile.swift in Sources */ = {isa = PBXBuildFile; fileRef = D69A41A01F7B9BE200F363BB /* PCHFile.swift */; };
		D6A14DD61F9060CE00DD6DDE /* JJShangJiaADCollectionViewCell.swift in Sources */ = {isa = PBXBuildFile; fileRef = D6A14DD41F9060CE00DD6DDE /* JJShangJiaADCollectionViewCell.swift */; };
		D6A14DD71F9060CE00DD6DDE /* JJShangJiaADCollectionViewCell.xib in Resources */ = {isa = PBXBuildFile; fileRef = D6A14DD51F9060CE00DD6DDE /* JJShangJiaADCollectionViewCell.xib */; };
		D6A14DDA1F9065FE00DD6DDE /* JJShangJiaHotCollectionViewCell.swift in Sources */ = {isa = PBXBuildFile; fileRef = D6A14DD81F9065FE00DD6DDE /* JJShangJiaHotCollectionViewCell.swift */; };
		D6A14DDB1F9065FE00DD6DDE /* JJShangJiaHotCollectionViewCell.xib in Resources */ = {isa = PBXBuildFile; fileRef = D6A14DD91F9065FE00DD6DDE /* JJShangJiaHotCollectionViewCell.xib */; };
		D6A14DDE1F90663300DD6DDE /* JJNearByCollectionViewCell.swift in Sources */ = {isa = PBXBuildFile; fileRef = D6A14DDC1F90663300DD6DDE /* JJNearByCollectionViewCell.swift */; };
		D6A14DDF1F90663300DD6DDE /* JJNearByCollectionViewCell.xib in Resources */ = {isa = PBXBuildFile; fileRef = D6A14DDD1F90663300DD6DDE /* JJNearByCollectionViewCell.xib */; };
		D6A14DE21F90896900DD6DDE /* JJShangJiaFooterCollectionReusableView.swift in Sources */ = {isa = PBXBuildFile; fileRef = D6A14DE01F90896900DD6DDE /* JJShangJiaFooterCollectionReusableView.swift */; };
		D6A14DE31F90896900DD6DDE /* JJShangJiaFooterCollectionReusableView.xib in Resources */ = {isa = PBXBuildFile; fileRef = D6A14DE11F90896900DD6DDE /* JJShangJiaFooterCollectionReusableView.xib */; };
		D6A14DE81F90A18000DD6DDE /* JJShangJiaHotHeaderView.swift in Sources */ = {isa = PBXBuildFile; fileRef = D6A14DE61F90A18000DD6DDE /* JJShangJiaHotHeaderView.swift */; };
		D6A14DE91F90A18000DD6DDE /* JJShangJiaHotHeaderView.xib in Resources */ = {isa = PBXBuildFile; fileRef = D6A14DE71F90A18000DD6DDE /* JJShangJiaHotHeaderView.xib */; };
		D6A1529B1F94629A00CDEA24 /* jcore-ios-1.1.6.a in Frameworks */ = {isa = PBXBuildFile; fileRef = D6A152961F94629A00CDEA24 /* jcore-ios-1.1.6.a */; };
		D6A1529C1F94629A00CDEA24 /* jpush-extension-ios-1.0.0.a in Frameworks */ = {isa = PBXBuildFile; fileRef = D6A152971F94629A00CDEA24 /* jpush-extension-ios-1.0.0.a */; };
		D6A1529D1F94629A00CDEA24 /* jpush-ios-3.0.7.a in Frameworks */ = {isa = PBXBuildFile; fileRef = D6A152981F94629A00CDEA24 /* jpush-ios-3.0.7.a */; };
		D6A152A01F946CCE00CDEA24 /* CFNetwork.framework in Frameworks */ = {isa = PBXBuildFile; fileRef = D6A1529F1F946CCE00CDEA24 /* CFNetwork.framework */; };
		D6A152A21F946CDB00CDEA24 /* CoreFoundation.framework in Frameworks */ = {isa = PBXBuildFile; fileRef = D6A152A11F946CDB00CDEA24 /* CoreFoundation.framework */; };
		D6A152A41F946CE400CDEA24 /* CoreTelephony.framework in Frameworks */ = {isa = PBXBuildFile; fileRef = D6A152A31F946CE400CDEA24 /* CoreTelephony.framework */; };
		D6A152A61F946CEF00CDEA24 /* SystemConfiguration.framework in Frameworks */ = {isa = PBXBuildFile; fileRef = D6A152A51F946CEF00CDEA24 /* SystemConfiguration.framework */; };
		D6A152A81F946CF700CDEA24 /* CoreGraphics.framework in Frameworks */ = {isa = PBXBuildFile; fileRef = D6A152A71F946CF700CDEA24 /* CoreGraphics.framework */; };
		D6A152AA1F946D0400CDEA24 /* Foundation.framework in Frameworks */ = {isa = PBXBuildFile; fileRef = D6A152A91F946D0400CDEA24 /* Foundation.framework */; };
		D6A152AC1F946D0C00CDEA24 /* UIKit.framework in Frameworks */ = {isa = PBXBuildFile; fileRef = D6A152AB1F946D0C00CDEA24 /* UIKit.framework */; };
		D6A152AE1F946D1300CDEA24 /* Security.framework in Frameworks */ = {isa = PBXBuildFile; fileRef = D6A152AD1F946D1300CDEA24 /* Security.framework */; };
		D6A152B01F946D2C00CDEA24 /* libz.tbd in Frameworks */ = {isa = PBXBuildFile; fileRef = D6A152AF1F946D2C00CDEA24 /* libz.tbd */; };
		D6A152B21F946D3B00CDEA24 /* UserNotifications.framework in Frameworks */ = {isa = PBXBuildFile; fileRef = D6A152B11F946D3B00CDEA24 /* UserNotifications.framework */; };
		D6A152B41F946D4900CDEA24 /* libresolv.tbd in Frameworks */ = {isa = PBXBuildFile; fileRef = D6A152B31F946D4900CDEA24 /* libresolv.tbd */; };
		D6A152F11F94A29500CDEA24 /* Model.xcdatamodeld in Sources */ = {isa = PBXBuildFile; fileRef = D6A152EF1F94A29500CDEA24 /* Model.xcdatamodeld */; };
		D6A152F71F94A77700CDEA24 /* JJGuideView.swift in Sources */ = {isa = PBXBuildFile; fileRef = D6A152F31F94A77700CDEA24 /* JJGuideView.swift */; };
		D6A152F81F94A77700CDEA24 /* JJLogViewController.swift in Sources */ = {isa = PBXBuildFile; fileRef = D6A152F41F94A77700CDEA24 /* JJLogViewController.swift */; };
		D6A152F91F94A77700CDEA24 /* JJLogViewController.xib in Resources */ = {isa = PBXBuildFile; fileRef = D6A152F51F94A77700CDEA24 /* JJLogViewController.xib */; };
		D6A152FB1F94A9AE00CDEA24 /* JJSliderView.swift in Sources */ = {isa = PBXBuildFile; fileRef = D6A152FA1F94A9AE00CDEA24 /* JJSliderView.swift */; };
		D6A152FD1F94AF9200CDEA24 /* UIView+Ex.swift in Sources */ = {isa = PBXBuildFile; fileRef = D6A152FC1F94AF9200CDEA24 /* UIView+Ex.swift */; };
		D6FA5BE61F7F837300C08659 /* JJMeSectionHeaderCollectionReusableView.swift in Sources */ = {isa = PBXBuildFile; fileRef = D6FA5BE41F7F837300C08659 /* JJMeSectionHeaderCollectionReusableView.swift */; };
		D6FA5BE71F7F837300C08659 /* JJMeSectionHeaderCollectionReusableView.xib in Resources */ = {isa = PBXBuildFile; fileRef = D6FA5BE51F7F837300C08659 /* JJMeSectionHeaderCollectionReusableView.xib */; };
		D6FA5BEA1F7F865A00C08659 /* JJBottomADCollectionViewCell.swift in Sources */ = {isa = PBXBuildFile; fileRef = D6FA5BE81F7F865A00C08659 /* JJBottomADCollectionViewCell.swift */; };
		D6FA5BEB1F7F865A00C08659 /* JJBottomADCollectionViewCell.xib in Resources */ = {isa = PBXBuildFile; fileRef = D6FA5BE91F7F865A00C08659 /* JJBottomADCollectionViewCell.xib */; };
/* End PBXBuildFile section */

/* Begin PBXFileReference section */
		40C1862E310E562824E4C37E /* Pods-SwiftProject.release.xcconfig */ = {isa = PBXFileReference; includeInIndex = 1; lastKnownFileType = text.xcconfig; name = "Pods-SwiftProject.release.xcconfig"; path = "Pods/Target Support Files/Pods-SwiftProject/Pods-SwiftProject.release.xcconfig"; sourceTree = "<group>"; };
		81679C9CBFD56E434FDDD9AF /* Pods-SwiftProject.debug.xcconfig */ = {isa = PBXFileReference; includeInIndex = 1; lastKnownFileType = text.xcconfig; name = "Pods-SwiftProject.debug.xcconfig"; path = "Pods/Target Support Files/Pods-SwiftProject/Pods-SwiftProject.debug.xcconfig"; sourceTree = "<group>"; };
		AC81D2F91F89AD6A00A10C4B /* JJMeNavView.swift */ = {isa = PBXFileReference; lastKnownFileType = sourcecode.swift; path = JJMeNavView.swift; sourceTree = "<group>"; };
		D6625C4B1F8DE0A8001491C9 /* JJImgViewTitleCollectionViewCell.swift */ = {isa = PBXFileReference; fileEncoding = 4; lastKnownFileType = sourcecode.swift; path = JJImgViewTitleCollectionViewCell.swift; sourceTree = "<group>"; };
		D6625C4C1F8DE0A8001491C9 /* JJImgViewTitleCollectionViewCell.xib */ = {isa = PBXFileReference; fileEncoding = 4; lastKnownFileType = file.xib; path = JJImgViewTitleCollectionViewCell.xib; sourceTree = "<group>"; };
		D6625C4F1F8DE969001491C9 /* JJNewsImgCollectionViewCell.swift */ = {isa = PBXFileReference; fileEncoding = 4; lastKnownFileType = sourcecode.swift; path = JJNewsImgCollectionViewCell.swift; sourceTree = "<group>"; };
		D6625C501F8DE969001491C9 /* JJNewsImgCollectionViewCell.xib */ = {isa = PBXFileReference; fileEncoding = 4; lastKnownFileType = file.xib; path = JJNewsImgCollectionViewCell.xib; sourceTree = "<group>"; };
		D6625C531F8DE980001491C9 /* JJNewsTitleCollectionViewCell.swift */ = {isa = PBXFileReference; fileEncoding = 4; lastKnownFileType = sourcecode.swift; path = JJNewsTitleCollectionViewCell.swift; sourceTree = "<group>"; };
		D6625C541F8DE980001491C9 /* JJNewsTitleCollectionViewCell.xib */ = {isa = PBXFileReference; fileEncoding = 4; lastKnownFileType = file.xib; path = JJNewsTitleCollectionViewCell.xib; sourceTree = "<group>"; };
		D6625C571F8DFC5C001491C9 /* JJHomeNav.swift */ = {isa = PBXFileReference; fileEncoding = 4; lastKnownFileType = sourcecode.swift; path = JJHomeNav.swift; sourceTree = "<group>"; };
		D686C86E1F7C9926002FCAFA /* JJGuanJiaCollectionViewCell.swift */ = {isa = PBXFileReference; fileEncoding = 4; lastKnownFileType = sourcecode.swift; path = JJGuanJiaCollectionViewCell.swift; sourceTree = "<group>"; };
		D686C86F1F7C9926002FCAFA /* JJGuanJiaCollectionViewCell.xib */ = {isa = PBXFileReference; fileEncoding = 4; lastKnownFileType = file.xib; path = JJGuanJiaCollectionViewCell.xib; sourceTree = "<group>"; };
		D686C8701F7C9926002FCAFA /* JJHomeBannerCollectionReusableView.swift */ = {isa = PBXFileReference; fileEncoding = 4; lastKnownFileType = sourcecode.swift; path = JJHomeBannerCollectionReusableView.swift; sourceTree = "<group>"; };
		D686C8711F7C9926002FCAFA /* JJHomeBannerCollectionReusableView.xib */ = {isa = PBXFileReference; fileEncoding = 4; lastKnownFileType = file.xib; path = JJHomeBannerCollectionReusableView.xib; sourceTree = "<group>"; };
		D686C8721F7C9926002FCAFA /* JJTitleCollectionReusableView.swift */ = {isa = PBXFileReference; fileEncoding = 4; lastKnownFileType = sourcecode.swift; path = JJTitleCollectionReusableView.swift; sourceTree = "<group>"; };
		D686C8731F7C9926002FCAFA /* JJTitleCollectionReusableView.xib */ = {isa = PBXFileReference; fileEncoding = 4; lastKnownFileType = file.xib; path = JJTitleCollectionReusableView.xib; sourceTree = "<group>"; };
		D686C87B1F7CE428002FCAFA /* JJMeHeaderSectionCollectionViewCell.swift */ = {isa = PBXFileReference; fileEncoding = 4; lastKnownFileType = sourcecode.swift; path = JJMeHeaderSectionCollectionViewCell.swift; sourceTree = "<group>"; };
		D686C87C1F7CE428002FCAFA /* JJMeHeaderSectionCollectionViewCell.xib */ = {isa = PBXFileReference; fileEncoding = 4; lastKnownFileType = file.xib; path = JJMeHeaderSectionCollectionViewCell.xib; sourceTree = "<group>"; };
		D689FF121F8E2147004A4AF8 /* JJShangjiaNav.swift */ = {isa = PBXFileReference; fileEncoding = 4; lastKnownFileType = sourcecode.swift; path = JJShangjiaNav.swift; sourceTree = "<group>"; };
		D68CFC0D1F8CA2AC005697F2 /* JJHomeWeatherSectionHeaderView.swift */ = {isa = PBXFileReference; fileEncoding = 4; lastKnownFileType = sourcecode.swift; path = JJHomeWeatherSectionHeaderView.swift; sourceTree = "<group>"; };
		D68CFC0E1F8CA2AC005697F2 /* JJHomeWeatherSectionHeaderView.xib */ = {isa = PBXFileReference; fileEncoding = 4; lastKnownFileType = file.xib; path = JJHomeWeatherSectionHeaderView.xib; sourceTree = "<group>"; };
		D68CFC131F8CCCDA005697F2 /* JJHomeBannerHeaderView.swift */ = {isa = PBXFileReference; fileEncoding = 4; lastKnownFileType = sourcecode.swift; path = JJHomeBannerHeaderView.swift; sourceTree = "<group>"; };
		D68CFC141F8CCCDA005697F2 /* JJHomeBannerHeaderView.xib */ = {isa = PBXFileReference; fileEncoding = 4; lastKnownFileType = file.xib; path = JJHomeBannerHeaderView.xib; sourceTree = "<group>"; };
		D68CFC171F8CD61C005697F2 /* JJHomeSectionHeaderView.swift */ = {isa = PBXFileReference; fileEncoding = 4; lastKnownFileType = sourcecode.swift; path = JJHomeSectionHeaderView.swift; sourceTree = "<group>"; };
		D68CFC181F8CD61C005697F2 /* JJHomeSectionHeaderView.xib */ = {isa = PBXFileReference; fileEncoding = 4; lastKnownFileType = file.xib; path = JJHomeSectionHeaderView.xib; sourceTree = "<group>"; };
		D68CFC1B1F8CD9D6005697F2 /* JJImgViewCollectionViewCell.swift */ = {isa = PBXFileReference; fileEncoding = 4; lastKnownFileType = sourcecode.swift; path = JJImgViewCollectionViewCell.swift; sourceTree = "<group>"; };
		D68CFC1C1F8CD9D6005697F2 /* JJImgViewCollectionViewCell.xib */ = {isa = PBXFileReference; fileEncoding = 4; lastKnownFileType = file.xib; path = JJImgViewCollectionViewCell.xib; sourceTree = "<group>"; };
		D69356601F8DAF9400C9756B /* Media.xcassets */ = {isa = PBXFileReference; lastKnownFileType = folder.assetcatalog; path = Media.xcassets; sourceTree = "<group>"; };
		D695668E1F8F08080053343A /* JJShangJiaTopCollectionViewCell.swift */ = {isa = PBXFileReference; fileEncoding = 4; lastKnownFileType = sourcecode.swift; path = JJShangJiaTopCollectionViewCell.swift; sourceTree = "<group>"; };
		D69566911F8F1C120053343A /* UIButton+Array.swift */ = {isa = PBXFileReference; fileEncoding = 4; lastKnownFileType = sourcecode.swift; path = "UIButton+Array.swift"; sourceTree = "<group>"; };
		D69A41671F7B3C6B00F363BB /* SwiftProject.app */ = {isa = PBXFileReference; explicitFileType = wrapper.application; includeInIndex = 0; path = SwiftProject.app; sourceTree = BUILT_PRODUCTS_DIR; };
		D69A416A1F7B3C6B00F363BB /* AppDelegate.swift */ = {isa = PBXFileReference; lastKnownFileType = sourcecode.swift; path = AppDelegate.swift; sourceTree = "<group>"; };
		D69A41741F7B3C6B00F363BB /* Base */ = {isa = PBXFileReference; lastKnownFileType = file.storyboard; name = Base; path = Base.lproj/LaunchScreen.storyboard; sourceTree = "<group>"; };
		D69A41761F7B3C6B00F363BB /* Info.plist */ = {isa = PBXFileReference; lastKnownFileType = text.plist.xml; path = Info.plist; sourceTree = "<group>"; };
		D69A41841F7B461800F363BB /* SplashView.swift */ = {isa = PBXFileReference; fileEncoding = 4; lastKnownFileType = sourcecode.swift; path = SplashView.swift; sourceTree = "<group>"; };
		D69A41861F7B4A0A00F363BB /* JJTabBarViewController.swift */ = {isa = PBXFileReference; fileEncoding = 4; lastKnownFileType = sourcecode.swift; path = JJTabBarViewController.swift; sourceTree = "<group>"; };
		D69A41881F7B4A2900F363BB /* JJNavController.swift */ = {isa = PBXFileReference; fileEncoding = 4; lastKnownFileType = sourcecode.swift; path = JJNavController.swift; sourceTree = "<group>"; };
		D69A418A1F7B690D00F363BB /* JJBaseViewController.swift */ = {isa = PBXFileReference; fileEncoding = 4; lastKnownFileType = sourcecode.swift; path = JJBaseViewController.swift; sourceTree = "<group>"; };
		D69A418C1F7B696700F363BB /* JJGuanjiaViewController.swift */ = {isa = PBXFileReference; fileEncoding = 4; lastKnownFileType = sourcecode.swift; path = JJGuanjiaViewController.swift; sourceTree = "<group>"; };
		D69A418E1F7B697300F363BB /* JJHomeViewController.swift */ = {isa = PBXFileReference; fileEncoding = 4; lastKnownFileType = sourcecode.swift; path = JJHomeViewController.swift; sourceTree = "<group>"; };
		D69A41901F7B697C00F363BB /* JJMeViewController.swift */ = {isa = PBXFileReference; fileEncoding = 4; lastKnownFileType = sourcecode.swift; path = JJMeViewController.swift; sourceTree = "<group>"; };
		D69A41921F7B698C00F363BB /* JJShangJiaViewController.swift */ = {isa = PBXFileReference; fileEncoding = 4; lastKnownFileType = sourcecode.swift; path = JJShangJiaViewController.swift; sourceTree = "<group>"; };
		D69A41941F7B699700F363BB /* JJShopViewController.swift */ = {isa = PBXFileReference; fileEncoding = 4; lastKnownFileType = sourcecode.swift; path = JJShopViewController.swift; sourceTree = "<group>"; };
		D69A41981F7B7C5200F363BB /* JJqqqqViewController.swift */ = {isa = PBXFileReference; fileEncoding = 4; lastKnownFileType = sourcecode.swift; path = JJqqqqViewController.swift; sourceTree = "<group>"; };
		D69A41A01F7B9BE200F363BB /* PCHFile.swift */ = {isa = PBXFileReference; fileEncoding = 4; lastKnownFileType = sourcecode.swift; path = PCHFile.swift; sourceTree = "<group>"; };
		D6A14DD41F9060CE00DD6DDE /* JJShangJiaADCollectionViewCell.swift */ = {isa = PBXFileReference; fileEncoding = 4; lastKnownFileType = sourcecode.swift; path = JJShangJiaADCollectionViewCell.swift; sourceTree = "<group>"; };
		D6A14DD51F9060CE00DD6DDE /* JJShangJiaADCollectionViewCell.xib */ = {isa = PBXFileReference; fileEncoding = 4; lastKnownFileType = file.xib; path = JJShangJiaADCollectionViewCell.xib; sourceTree = "<group>"; };
		D6A14DD81F9065FE00DD6DDE /* JJShangJiaHotCollectionViewCell.swift */ = {isa = PBXFileReference; fileEncoding = 4; lastKnownFileType = sourcecode.swift; path = JJShangJiaHotCollectionViewCell.swift; sourceTree = "<group>"; };
		D6A14DD91F9065FE00DD6DDE /* JJShangJiaHotCollectionViewCell.xib */ = {isa = PBXFileReference; fileEncoding = 4; lastKnownFileType = file.xib; path = JJShangJiaHotCollectionViewCell.xib; sourceTree = "<group>"; };
		D6A14DDC1F90663300DD6DDE /* JJNearByCollectionViewCell.swift */ = {isa = PBXFileReference; fileEncoding = 4; lastKnownFileType = sourcecode.swift; path = JJNearByCollectionViewCell.swift; sourceTree = "<group>"; };
		D6A14DDD1F90663300DD6DDE /* JJNearByCollectionViewCell.xib */ = {isa = PBXFileReference; fileEncoding = 4; lastKnownFileType = file.xib; path = JJNearByCollectionViewCell.xib; sourceTree = "<group>"; };
		D6A14DE01F90896900DD6DDE /* JJShangJiaFooterCollectionReusableView.swift */ = {isa = PBXFileReference; fileEncoding = 4; lastKnownFileType = sourcecode.swift; path = JJShangJiaFooterCollectionReusableView.swift; sourceTree = "<group>"; };
		D6A14DE11F90896900DD6DDE /* JJShangJiaFooterCollectionReusableView.xib */ = {isa = PBXFileReference; fileEncoding = 4; lastKnownFileType = file.xib; path = JJShangJiaFooterCollectionReusableView.xib; sourceTree = "<group>"; };
		D6A14DE61F90A18000DD6DDE /* JJShangJiaHotHeaderView.swift */ = {isa = PBXFileReference; fileEncoding = 4; lastKnownFileType = sourcecode.swift; path = JJShangJiaHotHeaderView.swift; sourceTree = "<group>"; };
		D6A14DE71F90A18000DD6DDE /* JJShangJiaHotHeaderView.xib */ = {isa = PBXFileReference; fileEncoding = 4; lastKnownFileType = file.xib; path = JJShangJiaHotHeaderView.xib; sourceTree = "<group>"; };
		D6A152931F945DCE00CDEA24 /* SwiftProject.entitlements */ = {isa = PBXFileReference; lastKnownFileType = text.plist.entitlements; path = SwiftProject.entitlements; sourceTree = "<group>"; };
		D6A152961F94629A00CDEA24 /* jcore-ios-1.1.6.a */ = {isa = PBXFileReference; lastKnownFileType = archive.ar; path = "jcore-ios-1.1.6.a"; sourceTree = "<group>"; };
		D6A152971F94629A00CDEA24 /* jpush-extension-ios-1.0.0.a */ = {isa = PBXFileReference; lastKnownFileType = archive.ar; path = "jpush-extension-ios-1.0.0.a"; sourceTree = "<group>"; };
		D6A152981F94629A00CDEA24 /* jpush-ios-3.0.7.a */ = {isa = PBXFileReference; lastKnownFileType = archive.ar; path = "jpush-ios-3.0.7.a"; sourceTree = "<group>"; };
		D6A152991F94629A00CDEA24 /* JPushNotificationExtensionService.h */ = {isa = PBXFileReference; fileEncoding = 4; lastKnownFileType = sourcecode.c.h; path = JPushNotificationExtensionService.h; sourceTree = "<group>"; };
		D6A1529A1F94629A00CDEA24 /* JPUSHService.h */ = {isa = PBXFileReference; fileEncoding = 4; lastKnownFileType = sourcecode.c.h; path = JPUSHService.h; sourceTree = "<group>"; };
		D6A1529E1F94636A00CDEA24 /* SwiftProject-Bridging-Header.h */ = {isa = PBXFileReference; fileEncoding = 4; lastKnownFileType = sourcecode.c.h; path = "SwiftProject-Bridging-Header.h"; sourceTree = "<group>"; };
		D6A1529F1F946CCE00CDEA24 /* CFNetwork.framework */ = {isa = PBXFileReference; lastKnownFileType = wrapper.framework; name = CFNetwork.framework; path = System/Library/Frameworks/CFNetwork.framework; sourceTree = SDKROOT; };
		D6A152A11F946CDB00CDEA24 /* CoreFoundation.framework */ = {isa = PBXFileReference; lastKnownFileType = wrapper.framework; name = CoreFoundation.framework; path = System/Library/Frameworks/CoreFoundation.framework; sourceTree = SDKROOT; };
		D6A152A31F946CE400CDEA24 /* CoreTelephony.framework */ = {isa = PBXFileReference; lastKnownFileType = wrapper.framework; name = CoreTelephony.framework; path = System/Library/Frameworks/CoreTelephony.framework; sourceTree = SDKROOT; };
		D6A152A51F946CEF00CDEA24 /* SystemConfiguration.framework */ = {isa = PBXFileReference; lastKnownFileType = wrapper.framework; name = SystemConfiguration.framework; path = System/Library/Frameworks/SystemConfiguration.framework; sourceTree = SDKROOT; };
		D6A152A71F946CF700CDEA24 /* CoreGraphics.framework */ = {isa = PBXFileReference; lastKnownFileType = wrapper.framework; name = CoreGraphics.framework; path = System/Library/Frameworks/CoreGraphics.framework; sourceTree = SDKROOT; };
		D6A152A91F946D0400CDEA24 /* Foundation.framework */ = {isa = PBXFileReference; lastKnownFileType = wrapper.framework; name = Foundation.framework; path = System/Library/Frameworks/Foundation.framework; sourceTree = SDKROOT; };
		D6A152AB1F946D0C00CDEA24 /* UIKit.framework */ = {isa = PBXFileReference; lastKnownFileType = wrapper.framework; name = UIKit.framework; path = System/Library/Frameworks/UIKit.framework; sourceTree = SDKROOT; };
		D6A152AD1F946D1300CDEA24 /* Security.framework */ = {isa = PBXFileReference; lastKnownFileType = wrapper.framework; name = Security.framework; path = System/Library/Frameworks/Security.framework; sourceTree = SDKROOT; };
		D6A152AF1F946D2C00CDEA24 /* libz.tbd */ = {isa = PBXFileReference; lastKnownFileType = "sourcecode.text-based-dylib-definition"; name = libz.tbd; path = usr/lib/libz.tbd; sourceTree = SDKROOT; };
		D6A152B11F946D3B00CDEA24 /* UserNotifications.framework */ = {isa = PBXFileReference; lastKnownFileType = wrapper.framework; name = UserNotifications.framework; path = System/Library/Frameworks/UserNotifications.framework; sourceTree = SDKROOT; };
		D6A152B31F946D4900CDEA24 /* libresolv.tbd */ = {isa = PBXFileReference; lastKnownFileType = "sourcecode.text-based-dylib-definition"; name = libresolv.tbd; path = usr/lib/libresolv.tbd; sourceTree = SDKROOT; };
		D6A152F01F94A29500CDEA24 /* Model.xcdatamodel */ = {isa = PBXFileReference; lastKnownFileType = wrapper.xcdatamodel; path = Model.xcdatamodel; sourceTree = "<group>"; };
		D6A152F31F94A77700CDEA24 /* JJGuideView.swift */ = {isa = PBXFileReference; fileEncoding = 4; lastKnownFileType = sourcecode.swift; path = JJGuideView.swift; sourceTree = "<group>"; };
		D6A152F41F94A77700CDEA24 /* JJLogViewController.swift */ = {isa = PBXFileReference; fileEncoding = 4; lastKnownFileType = sourcecode.swift; path = JJLogViewController.swift; sourceTree = "<group>"; };
		D6A152F51F94A77700CDEA24 /* JJLogViewController.xib */ = {isa = PBXFileReference; fileEncoding = 4; lastKnownFileType = file.xib; path = JJLogViewController.xib; sourceTree = "<group>"; };
		D6A152FA1F94A9AE00CDEA24 /* JJSliderView.swift */ = {isa = PBXFileReference; fileEncoding = 4; lastKnownFileType = sourcecode.swift; path = JJSliderView.swift; sourceTree = "<group>"; };
		D6A152FC1F94AF9200CDEA24 /* UIView+Ex.swift */ = {isa = PBXFileReference; fileEncoding = 4; lastKnownFileType = sourcecode.swift; path = "UIView+Ex.swift"; sourceTree = "<group>"; };
		D6A577B15C32E80FF61AD020 /* Pods_SwiftProject.framework */ = {isa = PBXFileReference; explicitFileType = wrapper.framework; includeInIndex = 0; path = Pods_SwiftProject.framework; sourceTree = BUILT_PRODUCTS_DIR; };
		D6FA5BE41F7F837300C08659 /* JJMeSectionHeaderCollectionReusableView.swift */ = {isa = PBXFileReference; fileEncoding = 4; lastKnownFileType = sourcecode.swift; path = JJMeSectionHeaderCollectionReusableView.swift; sourceTree = "<group>"; };
		D6FA5BE51F7F837300C08659 /* JJMeSectionHeaderCollectionReusableView.xib */ = {isa = PBXFileReference; fileEncoding = 4; lastKnownFileType = file.xib; path = JJMeSectionHeaderCollectionReusableView.xib; sourceTree = "<group>"; };
		D6FA5BE81F7F865A00C08659 /* JJBottomADCollectionViewCell.swift */ = {isa = PBXFileReference; fileEncoding = 4; lastKnownFileType = sourcecode.swift; path = JJBottomADCollectionViewCell.swift; sourceTree = "<group>"; };
		D6FA5BE91F7F865A00C08659 /* JJBottomADCollectionViewCell.xib */ = {isa = PBXFileReference; fileEncoding = 4; lastKnownFileType = file.xib; path = JJBottomADCollectionViewCell.xib; sourceTree = "<group>"; };
/* End PBXFileReference section */

/* Begin PBXFrameworksBuildPhase section */
		D69A41641F7B3C6B00F363BB /* Frameworks */ = {
			isa = PBXFrameworksBuildPhase;
			buildActionMask = 2147483647;
			files = (
				D6A152B41F946D4900CDEA24 /* libresolv.tbd in Frameworks */,
				D6A152B21F946D3B00CDEA24 /* UserNotifications.framework in Frameworks */,
				D6A152B01F946D2C00CDEA24 /* libz.tbd in Frameworks */,
				D6A152AE1F946D1300CDEA24 /* Security.framework in Frameworks */,
				D6A152AC1F946D0C00CDEA24 /* UIKit.framework in Frameworks */,
				D6A152AA1F946D0400CDEA24 /* Foundation.framework in Frameworks */,
				D6A152A81F946CF700CDEA24 /* CoreGraphics.framework in Frameworks */,
				D6A152A61F946CEF00CDEA24 /* SystemConfiguration.framework in Frameworks */,
				D6A152A41F946CE400CDEA24 /* CoreTelephony.framework in Frameworks */,
				D6A152A21F946CDB00CDEA24 /* CoreFoundation.framework in Frameworks */,
				D6A152A01F946CCE00CDEA24 /* CFNetwork.framework in Frameworks */,
				D6A1529C1F94629A00CDEA24 /* jpush-extension-ios-1.0.0.a in Frameworks */,
				D6A1529D1F94629A00CDEA24 /* jpush-ios-3.0.7.a in Frameworks */,
				D6A1529B1F94629A00CDEA24 /* jcore-ios-1.1.6.a in Frameworks */,
				95B7F6830D9A68FB5A77BA93 /* Pods_SwiftProject.framework in Frameworks */,
			);
			runOnlyForDeploymentPostprocessing = 0;
		};
/* End PBXFrameworksBuildPhase section */

/* Begin PBXGroup section */
		3A3D26C38C25693808316D37 /* Pods */ = {
			isa = PBXGroup;
			children = (
				81679C9CBFD56E434FDDD9AF /* Pods-SwiftProject.debug.xcconfig */,
				40C1862E310E562824E4C37E /* Pods-SwiftProject.release.xcconfig */,
			);
			name = Pods;
			sourceTree = "<group>";
		};
		D686C8611F7C932C002FCAFA /* View */ = {
			isa = PBXGroup;
			children = (
				D686C86E1F7C9926002FCAFA /* JJGuanJiaCollectionViewCell.swift */,
				D686C86F1F7C9926002FCAFA /* JJGuanJiaCollectionViewCell.xib */,
				D686C8701F7C9926002FCAFA /* JJHomeBannerCollectionReusableView.swift */,
				D686C8711F7C9926002FCAFA /* JJHomeBannerCollectionReusableView.xib */,
				D686C8721F7C9926002FCAFA /* JJTitleCollectionReusableView.swift */,
				D686C8731F7C9926002FCAFA /* JJTitleCollectionReusableView.xib */,
			);
			path = View;
			sourceTree = "<group>";
		};
		D686C87A1F7CE2FF002FCAFA /* Views */ = {
			isa = PBXGroup;
			children = (
				D686C87B1F7CE428002FCAFA /* JJMeHeaderSectionCollectionViewCell.swift */,
				D686C87C1F7CE428002FCAFA /* JJMeHeaderSectionCollectionViewCell.xib */,
				D6FA5BE41F7F837300C08659 /* JJMeSectionHeaderCollectionReusableView.swift */,
				D6FA5BE51F7F837300C08659 /* JJMeSectionHeaderCollectionReusableView.xib */,
				D6FA5BE81F7F865A00C08659 /* JJBottomADCollectionViewCell.swift */,
				D6FA5BE91F7F865A00C08659 /* JJBottomADCollectionViewCell.xib */,
				AC81D2F91F89AD6A00A10C4B /* JJMeNavView.swift */,
			);
			path = Views;
			sourceTree = "<group>";
		};
		D689FF111F8E2117004A4AF8 /* Views */ = {
			isa = PBXGroup;
			children = (
				D689FF121F8E2147004A4AF8 /* JJShangjiaNav.swift */,
				D695668E1F8F08080053343A /* JJShangJiaTopCollectionViewCell.swift */,
				D6A14DE01F90896900DD6DDE /* JJShangJiaFooterCollectionReusableView.swift */,
				D6A14DE11F90896900DD6DDE /* JJShangJiaFooterCollectionReusableView.xib */,
				D6A14DD41F9060CE00DD6DDE /* JJShangJiaADCollectionViewCell.swift */,
				D6A14DD51F9060CE00DD6DDE /* JJShangJiaADCollectionViewCell.xib */,
				D6A14DD81F9065FE00DD6DDE /* JJShangJiaHotCollectionViewCell.swift */,
				D6A14DD91F9065FE00DD6DDE /* JJShangJiaHotCollectionViewCell.xib */,
				D6A14DDC1F90663300DD6DDE /* JJNearByCollectionViewCell.swift */,
				D6A14DDD1F90663300DD6DDE /* JJNearByCollectionViewCell.xib */,
				D6A14DE61F90A18000DD6DDE /* JJShangJiaHotHeaderView.swift */,
				D6A14DE71F90A18000DD6DDE /* JJShangJiaHotHeaderView.xib */,
			);
			path = Views;
			sourceTree = "<group>";
		};
		D68CFC0C1F8CA24F005697F2 /* Views */ = {
			isa = PBXGroup;
			children = (
				D68CFC0D1F8CA2AC005697F2 /* JJHomeWeatherSectionHeaderView.swift */,
				D68CFC0E1F8CA2AC005697F2 /* JJHomeWeatherSectionHeaderView.xib */,
				D68CFC131F8CCCDA005697F2 /* JJHomeBannerHeaderView.swift */,
				D68CFC141F8CCCDA005697F2 /* JJHomeBannerHeaderView.xib */,
				D68CFC171F8CD61C005697F2 /* JJHomeSectionHeaderView.swift */,
				D68CFC181F8CD61C005697F2 /* JJHomeSectionHeaderView.xib */,
				D68CFC1B1F8CD9D6005697F2 /* JJImgViewCollectionViewCell.swift */,
				D68CFC1C1F8CD9D6005697F2 /* JJImgViewCollectionViewCell.xib */,
				D6625C4B1F8DE0A8001491C9 /* JJImgViewTitleCollectionViewCell.swift */,
				D6625C4C1F8DE0A8001491C9 /* JJImgViewTitleCollectionViewCell.xib */,
				D6625C4F1F8DE969001491C9 /* JJNewsImgCollectionViewCell.swift */,
				D6625C501F8DE969001491C9 /* JJNewsImgCollectionViewCell.xib */,
				D6625C531F8DE980001491C9 /* JJNewsTitleCollectionViewCell.swift */,
				D6625C541F8DE980001491C9 /* JJNewsTitleCollectionViewCell.xib */,
				D6625C571F8DFC5C001491C9 /* JJHomeNav.swift */,
			);
			path = Views;
			sourceTree = "<group>";
		};
		D69566901F8F1B150053343A /* Category */ = {
			isa = PBXGroup;
			children = (
				D69566911F8F1C120053343A /* UIButton+Array.swift */,
				D6A152FC1F94AF9200CDEA24 /* UIView+Ex.swift */,
			);
			path = Category;
			sourceTree = "<group>";
		};
		D69A415E1F7B3C6A00F363BB = {
			isa = PBXGroup;
			children = (
				D69A41691F7B3C6B00F363BB /* SwiftProject */,
				D69A41681F7B3C6B00F363BB /* Products */,
				3A3D26C38C25693808316D37 /* Pods */,
				FBA9F2AF8F4A52BBA261FCF5 /* Frameworks */,
			);
			sourceTree = "<group>";
		};
		D69A41681F7B3C6B00F363BB /* Products */ = {
			isa = PBXGroup;
			children = (
				D69A41671F7B3C6B00F363BB /* SwiftProject.app */,
			);
			name = Products;
			sourceTree = "<group>";
		};
		D69A41691F7B3C6B00F363BB /* SwiftProject */ = {
			isa = PBXGroup;
			children = (
				D6A152931F945DCE00CDEA24 /* SwiftProject.entitlements */,
				D69A417C1F7B461800F363BB /* Base */,
				D69566901F8F1B150053343A /* Category */,
				D69A417D1F7B461800F363BB /* GuanJia */,
				D69A417E1F7B461800F363BB /* Home */,
				D69A417F1F7B461800F363BB /* ME */,
				D69A41801F7B461800F363BB /* Others */,
				D69A41811F7B461800F363BB /* ShangJia */,
				D69A41821F7B461800F363BB /* Shop */,
				D69A41831F7B461800F363BB /* Tools */,
				D6C751BF1F8B260500D39C22 /* Utils */,
				D6A152941F94627B00CDEA24 /* Vender */,
				D69A416A1F7B3C6B00F363BB /* AppDelegate.swift */,
				D69A41731F7B3C6B00F363BB /* LaunchScreen.storyboard */,
				D69A41761F7B3C6B00F363BB /* Info.plist */,
				D6A1529E1F94636A00CDEA24 /* SwiftProject-Bridging-Header.h */,
				D6A152EF1F94A29500CDEA24 /* Model.xcdatamodeld */,
				D69356601F8DAF9400C9756B /* Media.xcassets */,
			);
			path = SwiftProject;
			sourceTree = "<group>";
		};
		D69A417C1F7B461800F363BB /* Base */ = {
			isa = PBXGroup;
			children = (
				D69A41861F7B4A0A00F363BB /* JJTabBarViewController.swift */,
				D69A41881F7B4A2900F363BB /* JJNavController.swift */,
				D69A418A1F7B690D00F363BB /* JJBaseViewController.swift */,
			);
			path = Base;
			sourceTree = "<group>";
		};
		D69A417D1F7B461800F363BB /* GuanJia */ = {
			isa = PBXGroup;
			children = (
				D686C8611F7C932C002FCAFA /* View */,
				D69A418C1F7B696700F363BB /* JJGuanjiaViewController.swift */,
				D69A41981F7B7C5200F363BB /* JJqqqqViewController.swift */,
			);
			path = GuanJia;
			sourceTree = "<group>";
		};
		D69A417E1F7B461800F363BB /* Home */ = {
			isa = PBXGroup;
			children = (
				D68CFC0C1F8CA24F005697F2 /* Views */,
				D69A418E1F7B697300F363BB /* JJHomeViewController.swift */,
			);
			path = Home;
			sourceTree = "<group>";
		};
		D69A417F1F7B461800F363BB /* ME */ = {
			isa = PBXGroup;
			children = (
				D686C87A1F7CE2FF002FCAFA /* Views */,
				D69A41901F7B697C00F363BB /* JJMeViewController.swift */,
			);
			path = ME;
			sourceTree = "<group>";
		};
		D69A41801F7B461800F363BB /* Others */ = {
			isa = PBXGroup;
			children = (
			);
			path = Others;
			sourceTree = "<group>";
		};
		D69A41811F7B461800F363BB /* ShangJia */ = {
			isa = PBXGroup;
			children = (
				D689FF111F8E2117004A4AF8 /* Views */,
				D69A41921F7B698C00F363BB /* JJShangJiaViewController.swift */,
			);
			path = ShangJia;
			sourceTree = "<group>";
		};
		D69A41821F7B461800F363BB /* Shop */ = {
			isa = PBXGroup;
			children = (
				D69A41941F7B699700F363BB /* JJShopViewController.swift */,
			);
			path = Shop;
			sourceTree = "<group>";
		};
		D69A41831F7B461800F363BB /* Tools */ = {
			isa = PBXGroup;
			children = (
				D69A41841F7B461800F363BB /* SplashView.swift */,
				D69A41A01F7B9BE200F363BB /* PCHFile.swift */,
			);
			path = Tools;
			sourceTree = "<group>";
		};
		D6A152941F94627B00CDEA24 /* Vender */ = {
			isa = PBXGroup;
			children = (
				D6A152951F94629A00CDEA24 /* JPush */,
			);
			path = Vender;
			sourceTree = "<group>";
		};
		D6A152951F94629A00CDEA24 /* JPush */ = {
			isa = PBXGroup;
			children = (
				D6A152961F94629A00CDEA24 /* jcore-ios-1.1.6.a */,
				D6A152971F94629A00CDEA24 /* jpush-extension-ios-1.0.0.a */,
				D6A152981F94629A00CDEA24 /* jpush-ios-3.0.7.a */,
				D6A152991F94629A00CDEA24 /* JPushNotificationExtensionService.h */,
				D6A1529A1F94629A00CDEA24 /* JPUSHService.h */,
			);
			path = JPush;
			sourceTree = "<group>";
		};
		D6A152F21F94A77700CDEA24 /* JJGuideView */ = {
			isa = PBXGroup;
			children = (
				D6A152F31F94A77700CDEA24 /* JJGuideView.swift */,
				D6A152F41F94A77700CDEA24 /* JJLogViewController.swift */,
				D6A152F51F94A77700CDEA24 /* JJLogViewController.xib */,
			);
			path = JJGuideView;
			sourceTree = "<group>";
		};
		D6A152F61F94A77700CDEA24 /* JJSliderView */ = {
			isa = PBXGroup;
			children = (
				D6A152FA1F94A9AE00CDEA24 /* JJSliderView.swift */,
			);
			path = JJSliderView;
			sourceTree = "<group>";
		};
		D6C751BF1F8B260500D39C22 /* Utils */ = {
			isa = PBXGroup;
			children = (
				D6A152F21F94A77700CDEA24 /* JJGuideView */,
				D6A152F61F94A77700CDEA24 /* JJSliderView */,
			);
			path = Utils;
			sourceTree = "<group>";
		};
		FBA9F2AF8F4A52BBA261FCF5 /* Frameworks */ = {
			isa = PBXGroup;
			children = (
				D6A152B31F946D4900CDEA24 /* libresolv.tbd */,
				D6A152B11F946D3B00CDEA24 /* UserNotifications.framework */,
				D6A152AF1F946D2C00CDEA24 /* libz.tbd */,
				D6A152AD1F946D1300CDEA24 /* Security.framework */,
				D6A152AB1F946D0C00CDEA24 /* UIKit.framework */,
				D6A152A91F946D0400CDEA24 /* Foundation.framework */,
				D6A152A71F946CF700CDEA24 /* CoreGraphics.framework */,
				D6A152A51F946CEF00CDEA24 /* SystemConfiguration.framework */,
				D6A152A31F946CE400CDEA24 /* CoreTelephony.framework */,
				D6A152A11F946CDB00CDEA24 /* CoreFoundation.framework */,
				D6A1529F1F946CCE00CDEA24 /* CFNetwork.framework */,
				D6A577B15C32E80FF61AD020 /* Pods_SwiftProject.framework */,
			);
			name = Frameworks;
			sourceTree = "<group>";
		};
/* End PBXGroup section */

/* Begin PBXNativeTarget section */
		D69A41661F7B3C6B00F363BB /* SwiftProject */ = {
			isa = PBXNativeTarget;
			buildConfigurationList = D69A41791F7B3C6B00F363BB /* Build configuration list for PBXNativeTarget "SwiftProject" */;
			buildPhases = (
				1F4D7FE5FDEB2D4DFDBC6572 /* [CP] Check Pods Manifest.lock */,
				D69A41631F7B3C6B00F363BB /* Sources */,
				D69A41641F7B3C6B00F363BB /* Frameworks */,
				D69A41651F7B3C6B00F363BB /* Resources */,
				6EB519218C6CD9DDEAB04D96 /* [CP] Embed Pods Frameworks */,
				74D2A0A7DEA49A7507414EBE /* [CP] Copy Pods Resources */,
			);
			buildRules = (
			);
			dependencies = (
			);
			name = SwiftProject;
			productName = SwiftProject;
			productReference = D69A41671F7B3C6B00F363BB /* SwiftProject.app */;
			productType = "com.apple.product-type.application";
		};
/* End PBXNativeTarget section */

/* Begin PBXProject section */
		D69A415F1F7B3C6B00F363BB /* Project object */ = {
			isa = PBXProject;
			attributes = {
				CLASSPREFIX = JJ;
				LastSwiftUpdateCheck = 0830;
				LastUpgradeCheck = 0830;
				ORGANIZATIONNAME = vpjacob;
				TargetAttributes = {
					D69A41661F7B3C6B00F363BB = {
						CreatedOnToolsVersion = 8.3.3;
						DevelopmentTeam = HN2F9US93L;
						ProvisioningStyle = Automatic;
						SystemCapabilities = {
							com.apple.BackgroundModes = {
								enabled = 1;
							};
							com.apple.Push = {
								enabled = 1;
							};
						};
					};
				};
			};
			buildConfigurationList = D69A41621F7B3C6B00F363BB /* Build configuration list for PBXProject "SwiftProject" */;
			compatibilityVersion = "Xcode 3.2";
			developmentRegion = English;
			hasScannedForEncodings = 0;
			knownRegions = (
				en,
				Base,
			);
			mainGroup = D69A415E1F7B3C6A00F363BB;
			productRefGroup = D69A41681F7B3C6B00F363BB /* Products */;
			projectDirPath = "";
			projectRoot = "";
			targets = (
				D69A41661F7B3C6B00F363BB /* SwiftProject */,
			);
		};
/* End PBXProject section */

/* Begin PBXResourcesBuildPhase section */
		D69A41651F7B3C6B00F363BB /* Resources */ = {
			isa = PBXResourcesBuildPhase;
			buildActionMask = 2147483647;
			files = (
				D686C8771F7C9926002FCAFA /* JJHomeBannerCollectionReusableView.xib in Resources */,
				D6A14DDB1F9065FE00DD6DDE /* JJShangJiaHotCollectionViewCell.xib in Resources */,
				D686C87E1F7CE428002FCAFA /* JJMeHeaderSectionCollectionViewCell.xib in Resources */,
				D6A152F91F94A77700CDEA24 /* JJLogViewController.xib in Resources */,
				D69356611F8DAF9400C9756B /* Media.xcassets in Resources */,
				D6A14DE91F90A18000DD6DDE /* JJShangJiaHotHeaderView.xib in Resources */,
				D686C8751F7C9926002FCAFA /* JJGuanJiaCollectionViewCell.xib in Resources */,
				D6A14DE31F90896900DD6DDE /* JJShangJiaFooterCollectionReusableView.xib in Resources */,
				D6625C561F8DE980001491C9 /* JJNewsTitleCollectionViewCell.xib in Resources */,
				D6FA5BE71F7F837300C08659 /* JJMeSectionHeaderCollectionReusableView.xib in Resources */,
				D68CFC1E1F8CD9D6005697F2 /* JJImgViewCollectionViewCell.xib in Resources */,
				D6A14DD71F9060CE00DD6DDE /* JJShangJiaADCollectionViewCell.xib in Resources */,
				D6FA5BEB1F7F865A00C08659 /* JJBottomADCollectionViewCell.xib in Resources */,
				D68CFC101F8CA2AC005697F2 /* JJHomeWeatherSectionHeaderView.xib in Resources */,
				D68CFC1A1F8CD61C005697F2 /* JJHomeSectionHeaderView.xib in Resources */,
				D6A14DDF1F90663300DD6DDE /* JJNearByCollectionViewCell.xib in Resources */,
				D686C8791F7C9926002FCAFA /* JJTitleCollectionReusableView.xib in Resources */,
				D6625C521F8DE969001491C9 /* JJNewsImgCollectionViewCell.xib in Resources */,
				D6625C4E1F8DE0A8001491C9 /* JJImgViewTitleCollectionViewCell.xib in Resources */,
				D69A41751F7B3C6B00F363BB /* LaunchScreen.storyboard in Resources */,
				D68CFC161F8CCCDA005697F2 /* JJHomeBannerHeaderView.xib in Resources */,
			);
			runOnlyForDeploymentPostprocessing = 0;
		};
/* End PBXResourcesBuildPhase section */

/* Begin PBXShellScriptBuildPhase section */
		1F4D7FE5FDEB2D4DFDBC6572 /* [CP] Check Pods Manifest.lock */ = {
			isa = PBXShellScriptBuildPhase;
			buildActionMask = 2147483647;
			files = (
			);
			inputPaths = (
			);
			name = "[CP] Check Pods Manifest.lock";
			outputPaths = (
			);
			runOnlyForDeploymentPostprocessing = 0;
			shellPath = /bin/sh;
			shellScript = "diff \"${PODS_PODFILE_DIR_PATH}/Podfile.lock\" \"${PODS_ROOT}/Manifest.lock\" > /dev/null\nif [ $? != 0 ] ; then\n    # print error to STDERR\n    echo \"error: The sandbox is not in sync with the Podfile.lock. Run 'pod install' or update your CocoaPods installation.\" >&2\n    exit 1\nfi\n";
			showEnvVarsInLog = 0;
		};
		6EB519218C6CD9DDEAB04D96 /* [CP] Embed Pods Frameworks */ = {
			isa = PBXShellScriptBuildPhase;
			buildActionMask = 2147483647;
			files = (
			);
			inputPaths = (
			);
			name = "[CP] Embed Pods Frameworks";
			outputPaths = (
			);
			runOnlyForDeploymentPostprocessing = 0;
			shellPath = /bin/sh;
			shellScript = "\"${SRCROOT}/Pods/Target Support Files/Pods-SwiftProject/Pods-SwiftProject-frameworks.sh\"\n";
			showEnvVarsInLog = 0;
		};
		74D2A0A7DEA49A7507414EBE /* [CP] Copy Pods Resources */ = {
			isa = PBXShellScriptBuildPhase;
			buildActionMask = 2147483647;
			files = (
			);
			inputPaths = (
			);
			name = "[CP] Copy Pods Resources";
			outputPaths = (
			);
			runOnlyForDeploymentPostprocessing = 0;
			shellPath = /bin/sh;
			shellScript = "\"${SRCROOT}/Pods/Target Support Files/Pods-SwiftProject/Pods-SwiftProject-resources.sh\"\n";
			showEnvVarsInLog = 0;
		};
/* End PBXShellScriptBuildPhase section */

/* Begin PBXSourcesBuildPhase section */
		D69A41631F7B3C6B00F363BB /* Sources */ = {
			isa = PBXSourcesBuildPhase;
			buildActionMask = 2147483647;
			files = (
				D6FA5BEA1F7F865A00C08659 /* JJBottomADCollectionViewCell.swift in Sources */,
				D69A41891F7B4A2900F363BB /* JJNavController.swift in Sources */,
				D69A418F1F7B697300F363BB /* JJHomeViewController.swift in Sources */,
				D69A41911F7B697C00F363BB /* JJMeViewController.swift in Sources */,
				D68CFC1D1F8CD9D6005697F2 /* JJImgViewCollectionViewCell.swift in Sources */,
				D69A418B1F7B690D00F363BB /* JJBaseViewController.swift in Sources */,
				D68CFC151F8CCCDA005697F2 /* JJHomeBannerHeaderView.swift in Sources */,
				D69A418D1F7B696700F363BB /* JJGuanjiaViewController.swift in Sources */,
				D695668F1F8F08080053343A /* JJShangJiaTopCollectionViewCell.swift in Sources */,
				D6625C551F8DE980001491C9 /* JJNewsTitleCollectionViewCell.swift in Sources */,
				D686C87D1F7CE428002FCAFA /* JJMeHeaderSectionCollectionViewCell.swift in Sources */,
				D6A14DE81F90A18000DD6DDE /* JJShangJiaHotHeaderView.swift in Sources */,
				D68CFC0F1F8CA2AC005697F2 /* JJHomeWeatherSectionHeaderView.swift in Sources */,
				D6A14DD61F9060CE00DD6DDE /* JJShangJiaADCollectionViewCell.swift in Sources */,
				D686C8761F7C9926002FCAFA /* JJHomeBannerCollectionReusableView.swift in Sources */,
				D6625C581F8DFC5C001491C9 /* JJHomeNav.swift in Sources */,
				D686C8741F7C9926002FCAFA /* JJGuanJiaCollectionViewCell.swift in Sources */,
				D6A152F81F94A77700CDEA24 /* JJLogViewController.swift in Sources */,
				D6A152F11F94A29500CDEA24 /* Model.xcdatamodeld in Sources */,
				D6A152FD1F94AF9200CDEA24 /* UIView+Ex.swift in Sources */,
				D6A152FB1F94A9AE00CDEA24 /* JJSliderView.swift in Sources */,
				D689FF131F8E2147004A4AF8 /* JJShangjiaNav.swift in Sources */,
				D6A14DE21F90896900DD6DDE /* JJShangJiaFooterCollectionReusableView.swift in Sources */,
				AC81D2FA1F89AD6B00A10C4B /* JJMeNavView.swift in Sources */,
				D69A41951F7B699700F363BB /* JJShopViewController.swift in Sources */,
				D69A416B1F7B3C6B00F363BB /* AppDelegate.swift in Sources */,
				D6A14DDE1F90663300DD6DDE /* JJNearByCollectionViewCell.swift in Sources */,
				D69566921F8F1C120053343A /* UIButton+Array.swift in Sources */,
				D68CFC191F8CD61C005697F2 /* JJHomeSectionHeaderView.swift in Sources */,
				D69A41991F7B7C5200F363BB /* JJqqqqViewController.swift in Sources */,
				D6625C4D1F8DE0A8001491C9 /* JJImgViewTitleCollectionViewCell.swift in Sources */,
				D6625C511F8DE969001491C9 /* JJNewsImgCollectionViewCell.swift in Sources */,
				D6FA5BE61F7F837300C08659 /* JJMeSectionHeaderCollectionReusableView.swift in Sources */,
				D6A152F71F94A77700CDEA24 /* JJGuideView.swift in Sources */,
				D69A41A11F7B9BE200F363BB /* PCHFile.swift in Sources */,
				D6A14DDA1F9065FE00DD6DDE /* JJShangJiaHotCollectionViewCell.swift in Sources */,
				D69A41871F7B4A0A00F363BB /* JJTabBarViewController.swift in Sources */,
				D69A41851F7B461800F363BB /* SplashView.swift in Sources */,
				D686C8781F7C9926002FCAFA /* JJTitleCollectionReusableView.swift in Sources */,
				D69A41931F7B698C00F363BB /* JJShangJiaViewController.swift in Sources */,
			);
			runOnlyForDeploymentPostprocessing = 0;
		};
/* End PBXSourcesBuildPhase section */

/* Begin PBXVariantGroup section */
		D69A41731F7B3C6B00F363BB /* LaunchScreen.storyboard */ = {
			isa = PBXVariantGroup;
			children = (
				D69A41741F7B3C6B00F363BB /* Base */,
			);
			name = LaunchScreen.storyboard;
			sourceTree = "<group>";
		};
/* End PBXVariantGroup section */

/* Begin XCBuildConfiguration section */
		D69A41771F7B3C6B00F363BB /* Debug */ = {
			isa = XCBuildConfiguration;
			buildSettings = {
				ALWAYS_SEARCH_USER_PATHS = NO;
				CLANG_ANALYZER_NONNULL = YES;
				CLANG_ANALYZER_NUMBER_OBJECT_CONVERSION = YES_AGGRESSIVE;
				CLANG_CXX_LANGUAGE_STANDARD = "gnu++0x";
				CLANG_CXX_LIBRARY = "libc++";
				CLANG_ENABLE_MODULES = YES;
				CLANG_ENABLE_OBJC_ARC = YES;
				CLANG_WARN_BOOL_CONVERSION = YES;
				CLANG_WARN_CONSTANT_CONVERSION = YES;
				CLANG_WARN_DIRECT_OBJC_ISA_USAGE = YES_ERROR;
				CLANG_WARN_DOCUMENTATION_COMMENTS = YES;
				CLANG_WARN_EMPTY_BODY = YES;
				CLANG_WARN_ENUM_CONVERSION = YES;
				CLANG_WARN_INFINITE_RECURSION = YES;
				CLANG_WARN_INT_CONVERSION = YES;
				CLANG_WARN_OBJC_ROOT_CLASS = YES_ERROR;
				CLANG_WARN_SUSPICIOUS_MOVE = YES;
				CLANG_WARN_UNREACHABLE_CODE = YES;
				CLANG_WARN__DUPLICATE_METHOD_MATCH = YES;
				"CODE_SIGN_IDENTITY[sdk=iphoneos*]" = "iPhone Developer";
				COPY_PHASE_STRIP = NO;
				DEBUG_INFORMATION_FORMAT = dwarf;
				ENABLE_STRICT_OBJC_MSGSEND = YES;
				ENABLE_TESTABILITY = YES;
				GCC_C_LANGUAGE_STANDARD = gnu99;
				GCC_DYNAMIC_NO_PIC = NO;
				GCC_NO_COMMON_BLOCKS = YES;
				GCC_OPTIMIZATION_LEVEL = 0;
				GCC_PREPROCESSOR_DEFINITIONS = (
					"DEBUG=1",
					"$(inherited)",
				);
				GCC_WARN_64_TO_32_BIT_CONVERSION = YES;
				GCC_WARN_ABOUT_RETURN_TYPE = YES_ERROR;
				GCC_WARN_UNDECLARED_SELECTOR = YES;
				GCC_WARN_UNINITIALIZED_AUTOS = YES_AGGRESSIVE;
				GCC_WARN_UNUSED_FUNCTION = YES;
				GCC_WARN_UNUSED_VARIABLE = YES;
				IPHONEOS_DEPLOYMENT_TARGET = 10.3;
				MTL_ENABLE_DEBUG_INFO = YES;
				ONLY_ACTIVE_ARCH = YES;
				SDKROOT = iphoneos;
				SWIFT_ACTIVE_COMPILATION_CONDITIONS = DEBUG;
				SWIFT_OPTIMIZATION_LEVEL = "-Onone";
				TARGETED_DEVICE_FAMILY = "1,2";
			};
			name = Debug;
		};
		D69A41781F7B3C6B00F363BB /* Release */ = {
			isa = XCBuildConfiguration;
			buildSettings = {
				ALWAYS_SEARCH_USER_PATHS = NO;
				CLANG_ANALYZER_NONNULL = YES;
				CLANG_ANALYZER_NUMBER_OBJECT_CONVERSION = YES_AGGRESSIVE;
				CLANG_CXX_LANGUAGE_STANDARD = "gnu++0x";
				CLANG_CXX_LIBRARY = "libc++";
				CLANG_ENABLE_MODULES = YES;
				CLANG_ENABLE_OBJC_ARC = YES;
				CLANG_WARN_BOOL_CONVERSION = YES;
				CLANG_WARN_CONSTANT_CONVERSION = YES;
				CLANG_WARN_DIRECT_OBJC_ISA_USAGE = YES_ERROR;
				CLANG_WARN_DOCUMENTATION_COMMENTS = YES;
				CLANG_WARN_EMPTY_BODY = YES;
				CLANG_WARN_ENUM_CONVERSION = YES;
				CLANG_WARN_INFINITE_RECURSION = YES;
				CLANG_WARN_INT_CONVERSION = YES;
				CLANG_WARN_OBJC_ROOT_CLASS = YES_ERROR;
				CLANG_WARN_SUSPICIOUS_MOVE = YES;
				CLANG_WARN_UNREACHABLE_CODE = YES;
				CLANG_WARN__DUPLICATE_METHOD_MATCH = YES;
				"CODE_SIGN_IDENTITY[sdk=iphoneos*]" = "iPhone Developer";
				COPY_PHASE_STRIP = NO;
				DEBUG_INFORMATION_FORMAT = "dwarf-with-dsym";
				ENABLE_NS_ASSERTIONS = NO;
				ENABLE_STRICT_OBJC_MSGSEND = YES;
				GCC_C_LANGUAGE_STANDARD = gnu99;
				GCC_NO_COMMON_BLOCKS = YES;
				GCC_WARN_64_TO_32_BIT_CONVERSION = YES;
				GCC_WARN_ABOUT_RETURN_TYPE = YES_ERROR;
				GCC_WARN_UNDECLARED_SELECTOR = YES;
				GCC_WARN_UNINITIALIZED_AUTOS = YES_AGGRESSIVE;
				GCC_WARN_UNUSED_FUNCTION = YES;
				GCC_WARN_UNUSED_VARIABLE = YES;
				IPHONEOS_DEPLOYMENT_TARGET = 10.3;
				MTL_ENABLE_DEBUG_INFO = NO;
				SDKROOT = iphoneos;
				SWIFT_OPTIMIZATION_LEVEL = "-Owholemodule";
				TARGETED_DEVICE_FAMILY = "1,2";
				VALIDATE_PRODUCT = YES;
			};
			name = Release;
		};
		D69A417A1F7B3C6B00F363BB /* Debug */ = {
			isa = XCBuildConfiguration;
			baseConfigurationReference = 81679C9CBFD56E434FDDD9AF /* Pods-SwiftProject.debug.xcconfig */;
			buildSettings = {
				ASSETCATALOG_COMPILER_APPICON_NAME = AppIcon;
				CODE_SIGN_ENTITLEMENTS = SwiftProject/SwiftProject.entitlements;
				DEVELOPMENT_TEAM = HN2F9US93L;
				INFOPLIST_FILE = SwiftProject/Info.plist;
				LD_RUNPATH_SEARCH_PATHS = "$(inherited) @executable_path/Frameworks";
				LIBRARY_SEARCH_PATHS = (
					"$(inherited)",
					"$(PROJECT_DIR)/SwiftProject/Vender/JPush",
				);
				PRODUCT_BUNDLE_IDENTIFIER = com.vpjacob.SwiftProject;
				PRODUCT_NAME = "$(TARGET_NAME)";
				SWIFT_OBJC_BRIDGING_HEADER = "SwiftProject/SwiftProject-Bridging-Header.h";
				SWIFT_VERSION = 3.0;
				TARGETED_DEVICE_FAMILY = 1;
			};
			name = Debug;
		};
		D69A417B1F7B3C6B00F363BB /* Release */ = {
			isa = XCBuildConfiguration;
			baseConfigurationReference = 40C1862E310E562824E4C37E /* Pods-SwiftProject.release.xcconfig */;
			buildSettings = {
				ASSETCATALOG_COMPILER_APPICON_NAME = AppIcon;
				CODE_SIGN_ENTITLEMENTS = SwiftProject/SwiftProject.entitlements;
				DEVELOPMENT_TEAM = HN2F9US93L;
				INFOPLIST_FILE = SwiftProject/Info.plist;
				LD_RUNPATH_SEARCH_PATHS = "$(inherited) @executable_path/Frameworks";
				LIBRARY_SEARCH_PATHS = (
					"$(inherited)",
					"$(PROJECT_DIR)/SwiftProject/Vender/JPush",
				);
				PRODUCT_BUNDLE_IDENTIFIER = com.vpjacob.SwiftProject;
				PRODUCT_NAME = "$(TARGET_NAME)";
				SWIFT_OBJC_BRIDGING_HEADER = "SwiftProject/SwiftProject-Bridging-Header.h";
				SWIFT_VERSION = 3.0;
				TARGETED_DEVICE_FAMILY = 1;
			};
			name = Release;
		};
/* End XCBuildConfiguration section */

/* Begin XCConfigurationList section */
		D69A41621F7B3C6B00F363BB /* Build configuration list for PBXProject "SwiftProject" */ = {
			isa = XCConfigurationList;
			buildConfigurations = (
				D69A41771F7B3C6B00F363BB /* Debug */,
				D69A41781F7B3C6B00F363BB /* Release */,
			);
			defaultConfigurationIsVisible = 0;
			defaultConfigurationName = Release;
		};
		D69A41791F7B3C6B00F363BB /* Build configuration list for PBXNativeTarget "SwiftProject" */ = {
			isa = XCConfigurationList;
			buildConfigurations = (
				D69A417A1F7B3C6B00F363BB /* Debug */,
				D69A417B1F7B3C6B00F363BB /* Release */,
			);
			defaultConfigurationIsVisible = 0;
			defaultConfigurationName = Release;
		};
/* End XCConfigurationList section */

/* Begin XCVersionGroup section */
		D6A152EF1F94A29500CDEA24 /* Model.xcdatamodeld */ = {
			isa = XCVersionGroup;
			children = (
				D6A152F01F94A29500CDEA24 /* Model.xcdatamodel */,
			);
			currentVersion = D6A152F01F94A29500CDEA24 /* Model.xcdatamodel */;
			path = Model.xcdatamodeld;
			sourceTree = "<group>";
			versionGroupType = wrapper.xcdatamodel;
		};
/* End XCVersionGroup section */
	};
	rootObject = D69A415F1F7B3C6B00F363BB /* Project object */;
}
